
Microsoft Visual Studio Solution File, Format Version 12.00
# Visual Studio Version 17
VisualStudioVersion = 17.11.35303.130
MinimumVisualStudioVersion = 10.0.40219.1
Project("{FAE04EC0-301F-11D3-BF4B-00C04F79EFBC}") = "KamisadoGame12", "KamisadoGame12\KamisadoGame12.csproj", "{39FADF15-1F02-41EA-B76A-40A4C8D6B482}"
EndProject
Global
	GlobalSection(SolutionConfigurationPlatforms) = preSolution
		Debug|Any CPU = Debug|Any CPU
		Release|Any CPU = Release|Any CPU
	EndGlobalSection
	GlobalSection(ProjectConfigurationPlatforms) = postSolution
		{39FADF15-1F02-41EA-B76A-40A4C8D6B482}.Debug|Any CPU.ActiveCfg = Debug|Any CPU
		{39FADF15-1F02-41EA-B76A-40A4C8D6B482}.Debug|Any CPU.Build.0 = Debug|Any CPU
		{39FADF15-1F02-41EA-B76A-40A4C8D6B482}.Debug|Any CPU.Deploy.0 = Debug|Any CPU
		{39FADF15-1F02-41EA-B76A-40A4C8D6B482}.Release|Any CPU.ActiveCfg = Release|Any CPU
		{39FADF15-1F02-41EA-B76A-40A4C8D6B482}.Release|Any CPU.Build.0 = Release|Any CPU
		{39FADF15-1F02-41EA-B76A-40A4C8D6B482}.Release|Any CPU.Deploy.0 = Release|Any CPU
	EndGlobalSection
	GlobalSection(SolutionProperties) = preSolution
		HideSolutionNode = FALSE
	EndGlobalSection
	GlobalSection(ExtensibilityGlobals) = postSolution
		SolutionGuid = {A24BD608-66C2-4D22-B607-F101111B2D5D}
	EndGlobalSection
EndGlobal
